// !$*UTF8*$!
{
	archiveVersion = 1;
	classes = {
	};
	objectVersion = 56;
	objects = {

/* Begin PBXBuildFile section */
		41A814202A19F94B00C9AFEB /* AltitudeDemoApp.swift in Sources */ = {isa = PBXBuildFile; fileRef = 41A8141F2A19F94B00C9AFEB /* AltitudeDemoApp.swift */; };
		41A814222A19F94B00C9AFEB /* ContentView.swift in Sources */ = {isa = PBXBuildFile; fileRef = 41A814212A19F94B00C9AFEB /* ContentView.swift */; };
		41A814242A19F94B00C9AFEB /* Assets.xcassets in Resources */ = {isa = PBXBuildFile; fileRef = 41A814232A19F94B00C9AFEB /* Assets.xcassets */; };
		41A814282A19F94B00C9AFEB /* Preview Assets.xcassets in Resources */ = {isa = PBXBuildFile; fileRef = 41A814272A19F94B00C9AFEB /* Preview Assets.xcassets */; };
		41FCA7D82A1A1E4300E90DB1 /* MotionController.swift in Sources */ = {isa = PBXBuildFile; fileRef = 41FCA7D72A1A1E4300E90DB1 /* MotionController.swift */; };
		41FCA7DA2A1A1EA100E90DB1 /* AltitudeData.swift in Sources */ = {isa = PBXBuildFile; fileRef = 41FCA7D92A1A1EA100E90DB1 /* AltitudeData.swift */; };
		41FCA7DC2A1A1F6200E90DB1 /* AbsoluteAltitudeList.swift in Sources */ = {isa = PBXBuildFile; fileRef = 41FCA7DB2A1A1F6200E90DB1 /* AbsoluteAltitudeList.swift */; };
		41FCA7DE2A1A200900E90DB1 /* RelativeAltitudeList.swift in Sources */ = {isa = PBXBuildFile; fileRef = 41FCA7DD2A1A200900E90DB1 /* RelativeAltitudeList.swift */; };
		41FCA7E02A1A21D300E90DB1 /* PlaybackButton.swift in Sources */ = {isa = PBXBuildFile; fileRef = 41FCA7DF2A1A21D300E90DB1 /* PlaybackButton.swift */; };
		41FCA7E52A1A234400E90DB1 /* LICENSE.md in Resources */ = {isa = PBXBuildFile; fileRef = 41FCA7E42A1A234400E90DB1 /* LICENSE.md */; };
		41FCA7E72A1A240F00E90DB1 /* README.md in Resources */ = {isa = PBXBuildFile; fileRef = 41FCA7E62A1A240F00E90DB1 /* README.md */; };
/* End PBXBuildFile section */

/* Begin PBXFileReference section */
		41A8141C2A19F94B00C9AFEB /* AltitudeDemo.app */ = {isa = PBXFileReference; explicitFileType = wrapper.application; includeInIndex = 0; path = AltitudeDemo.app; sourceTree = BUILT_PRODUCTS_DIR; };
		41A8141F2A19F94B00C9AFEB /* AltitudeDemoApp.swift */ = {isa = PBXFileReference; lastKnownFileType = sourcecode.swift; path = AltitudeDemoApp.swift; sourceTree = "<group>"; };
		41A814212A19F94B00C9AFEB /* ContentView.swift */ = {isa = PBXFileReference; lastKnownFileType = sourcecode.swift; path = ContentView.swift; sourceTree = "<group>"; };
		41A814232A19F94B00C9AFEB /* Assets.xcassets */ = {isa = PBXFileReference; lastKnownFileType = folder.assetcatalog; path = Assets.xcassets; sourceTree = "<group>"; };
		41A814252A19F94B00C9AFEB /* AltitudeDemo.entitlements */ = {isa = PBXFileReference; lastKnownFileType = text.plist.entitlements; path = AltitudeDemo.entitlements; sourceTree = "<group>"; };
		41A814272A19F94B00C9AFEB /* Preview Assets.xcassets */ = {isa = PBXFileReference; lastKnownFileType = folder.assetcatalog; path = "Preview Assets.xcassets"; sourceTree = "<group>"; };
		41FCA7D72A1A1E4300E90DB1 /* MotionController.swift */ = {isa = PBXFileReference; lastKnownFileType = sourcecode.swift; path = MotionController.swift; sourceTree = "<group>"; };
		41FCA7D92A1A1EA100E90DB1 /* AltitudeData.swift */ = {isa = PBXFileReference; lastKnownFileType = sourcecode.swift; path = AltitudeData.swift; sourceTree = "<group>"; };
		41FCA7DB2A1A1F6200E90DB1 /* AbsoluteAltitudeList.swift */ = {isa = PBXFileReference; lastKnownFileType = sourcecode.swift; path = AbsoluteAltitudeList.swift; sourceTree = "<group>"; };
		41FCA7DD2A1A200900E90DB1 /* RelativeAltitudeList.swift */ = {isa = PBXFileReference; lastKnownFileType = sourcecode.swift; path = RelativeAltitudeList.swift; sourceTree = "<group>"; };
		41FCA7DF2A1A21D300E90DB1 /* PlaybackButton.swift */ = {isa = PBXFileReference; lastKnownFileType = sourcecode.swift; path = PlaybackButton.swift; sourceTree = "<group>"; };
		41FCA7E42A1A234400E90DB1 /* LICENSE.md */ = {isa = PBXFileReference; fileEncoding = 4; lastKnownFileType = net.daringfireball.markdown; path = LICENSE.md; sourceTree = "<group>"; };
		41FCA7E62A1A240F00E90DB1 /* README.md */ = {isa = PBXFileReference; fileEncoding = 4; lastKnownFileType = net.daringfireball.markdown; path = README.md; sourceTree = "<group>"; };
/* End PBXFileReference section */

/* Begin PBXFrameworksBuildPhase section */
		41A814192A19F94B00C9AFEB /* Frameworks */ = {
			isa = PBXFrameworksBuildPhase;
			buildActionMask = 2147483647;
			files = (
			);
			runOnlyForDeploymentPostprocessing = 0;
		};
/* End PBXFrameworksBuildPhase section */

/* Begin PBXGroup section */
		41A814132A19F94B00C9AFEB = {
			isa = PBXGroup;
			children = (
				41FCA7E42A1A234400E90DB1 /* LICENSE.md */,
				41FCA7E62A1A240F00E90DB1 /* README.md */,
				41A8141E2A19F94B00C9AFEB /* AltitudeDemo */,
				41A8141D2A19F94B00C9AFEB /* Products */,
			);
			sourceTree = "<group>";
		};
		41A8141D2A19F94B00C9AFEB /* Products */ = {
			isa = PBXGroup;
			children = (
				41A8141C2A19F94B00C9AFEB /* AltitudeDemo.app */,
			);
			name = Products;
			sourceTree = "<group>";
		};
		41A8141E2A19F94B00C9AFEB /* AltitudeDemo */ = {
			isa = PBXGroup;
			children = (
				41A8141F2A19F94B00C9AFEB /* AltitudeDemoApp.swift */,
				41FCA7E12A1A21E800E90DB1 /* Model */,
				41FCA7E22A1A21F100E90DB1 /* Controller */,
				41FCA7E32A1A21F800E90DB1 /* View */,
				41A814232A19F94B00C9AFEB /* Assets.xcassets */,
				41A814252A19F94B00C9AFEB /* AltitudeDemo.entitlements */,
				41A814262A19F94B00C9AFEB /* Preview Content */,
			);
			path = AltitudeDemo;
			sourceTree = "<group>";
		};
		41A814262A19F94B00C9AFEB /* Preview Content */ = {
			isa = PBXGroup;
			children = (
				41A814272A19F94B00C9AFEB /* Preview Assets.xcassets */,
			);
			path = "Preview Content";
			sourceTree = "<group>";
		};
		41FCA7E12A1A21E800E90DB1 /* Model */ = {
			isa = PBXGroup;
			children = (
				41FCA7D92A1A1EA100E90DB1 /* AltitudeData.swift */,
			);
			path = Model;
			sourceTree = "<group>";
		};
		41FCA7E22A1A21F100E90DB1 /* Controller */ = {
			isa = PBXGroup;
			children = (
				41FCA7D72A1A1E4300E90DB1 /* MotionController.swift */,
			);
			path = Controller;
			sourceTree = "<group>";
		};
		41FCA7E32A1A21F800E90DB1 /* View */ = {
			isa = PBXGroup;
			children = (
				41A814212A19F94B00C9AFEB /* ContentView.swift */,
				41FCA7DF2A1A21D300E90DB1 /* PlaybackButton.swift */,
				41FCA7DB2A1A1F6200E90DB1 /* AbsoluteAltitudeList.swift */,
				41FCA7DD2A1A200900E90DB1 /* RelativeAltitudeList.swift */,
			);
			path = View;
			sourceTree = "<group>";
		};
/* End PBXGroup section */

/* Begin PBXNativeTarget section */
		41A8141B2A19F94B00C9AFEB /* AltitudeDemo */ = {
			isa = PBXNativeTarget;
			buildConfigurationList = 41A8142B2A19F94B00C9AFEB /* Build configuration list for PBXNativeTarget "AltitudeDemo" */;
			buildPhases = (
				41A814182A19F94B00C9AFEB /* Sources */,
				41A814192A19F94B00C9AFEB /* Frameworks */,
				41A8141A2A19F94B00C9AFEB /* Resources */,
			);
			buildRules = (
			);
			dependencies = (
			);
			name = AltitudeDemo;
			productName = AltitudeDemo;
			productReference = 41A8141C2A19F94B00C9AFEB /* AltitudeDemo.app */;
			productType = "com.apple.product-type.application";
		};
/* End PBXNativeTarget section */

/* Begin PBXProject section */
		41A814142A19F94B00C9AFEB /* Project object */ = {
			isa = PBXProject;
			attributes = {
				BuildIndependentTargetsInParallel = 1;
				LastSwiftUpdateCheck = 1430;
				LastUpgradeCheck = 1430;
				TargetAttributes = {
					41A8141B2A19F94B00C9AFEB = {
						CreatedOnToolsVersion = 14.3;
					};
				};
			};
			buildConfigurationList = 41A814172A19F94B00C9AFEB /* Build configuration list for PBXProject "AltitudeDemo" */;
			compatibilityVersion = "Xcode 14.0";
			developmentRegion = en;
			hasScannedForEncodings = 0;
			knownRegions = (
				en,
				Base,
			);
			mainGroup = 41A814132A19F94B00C9AFEB;
			productRefGroup = 41A8141D2A19F94B00C9AFEB /* Products */;
			projectDirPath = "";
			projectRoot = "";
			targets = (
				41A8141B2A19F94B00C9AFEB /* AltitudeDemo */,
			);
		};
/* End PBXProject section */

/* Begin PBXResourcesBuildPhase section */
		41A8141A2A19F94B00C9AFEB /* Resources */ = {
			isa = PBXResourcesBuildPhase;
			buildActionMask = 2147483647;
			files = (
				41A814282A19F94B00C9AFEB /* Preview Assets.xcassets in Resources */,
				41FCA7E52A1A234400E90DB1 /* LICENSE.md in Resources */,
				41FCA7E72A1A240F00E90DB1 /* README.md in Resources */,
				41A814242A19F94B00C9AFEB /* Assets.xcassets in Resources */,
			);
			runOnlyForDeploymentPostprocessing = 0;
		};
/* End PBXResourcesBuildPhase section */

/* Begin PBXSourcesBuildPhase section */
		41A814182A19F94B00C9AFEB /* Sources */ = {
			isa = PBXSourcesBuildPhase;
			buildActionMask = 2147483647;
			files = (
				41A814222A19F94B00C9AFEB /* ContentView.swift in Sources */,
				41FCA7D82A1A1E4300E90DB1 /* MotionController.swift in Sources */,
				41FCA7DC2A1A1F6200E90DB1 /* AbsoluteAltitudeList.swift in Sources */,
				41FCA7DE2A1A200900E90DB1 /* RelativeAltitudeList.swift in Sources */,
				41A814202A19F94B00C9AFEB /* AltitudeDemoApp.swift in Sources */,
				41FCA7DA2A1A1EA100E90DB1 /* AltitudeData.swift in Sources */,
				41FCA7E02A1A21D300E90DB1 /* PlaybackButton.swift in Sources */,
			);
			runOnlyForDeploymentPostprocessing = 0;
		};
/* End PBXSourcesBuildPhase section */

/* Begin XCBuildConfiguration section */
		41A814292A19F94B00C9AFEB /* Debug */ = {
			isa = XCBuildConfiguration;
			buildSettings = {
				ALWAYS_SEARCH_USER_PATHS = NO;
				CLANG_ANALYZER_NONNULL = YES;
				CLANG_ANALYZER_NUMBER_OBJECT_CONVERSION = YES_AGGRESSIVE;
				CLANG_CXX_LANGUAGE_STANDARD = "gnu++20";
				CLANG_ENABLE_MODULES = YES;
				CLANG_ENABLE_OBJC_ARC = YES;
				CLANG_ENABLE_OBJC_WEAK = YES;
				CLANG_WARN_BLOCK_CAPTURE_AUTORELEASING = YES;
				CLANG_WARN_BOOL_CONVERSION = YES;
				CLANG_WARN_COMMA = YES;
				CLANG_WARN_CONSTANT_CONVERSION = YES;
				CLANG_WARN_DEPRECATED_OBJC_IMPLEMENTATIONS = YES;
				CLANG_WARN_DIRECT_OBJC_ISA_USAGE = YES_ERROR;
				CLANG_WARN_DOCUMENTATION_COMMENTS = YES;
				CLANG_WARN_EMPTY_BODY = YES;
				CLANG_WARN_ENUM_CONVERSION = YES;
				CLANG_WARN_INFINITE_RECURSION = YES;
				CLANG_WARN_INT_CONVERSION = YES;
				CLANG_WARN_NON_LITERAL_NULL_CONVERSION = YES;
				CLANG_WARN_OBJC_IMPLICIT_RETAIN_SELF = YES;
				CLANG_WARN_OBJC_LITERAL_CONVERSION = YES;
				CLANG_WARN_OBJC_ROOT_CLASS = YES_ERROR;
				CLANG_WARN_QUOTED_INCLUDE_IN_FRAMEWORK_HEADER = YES;
				CLANG_WARN_RANGE_LOOP_ANALYSIS = YES;
				CLANG_WARN_STRICT_PROTOTYPES = YES;
				CLANG_WARN_SUSPICIOUS_MOVE = YES;
				CLANG_WARN_UNGUARDED_AVAILABILITY = YES_AGGRESSIVE;
				CLANG_WARN_UNREACHABLE_CODE = YES;
				CLANG_WARN__DUPLICATE_METHOD_MATCH = YES;
				COPY_PHASE_STRIP = NO;
				DEBUG_INFORMATION_FORMAT = dwarf;
				ENABLE_STRICT_OBJC_MSGSEND = YES;
				ENABLE_TESTABILITY = YES;
				GCC_C_LANGUAGE_STANDARD = gnu11;
				GCC_DYNAMIC_NO_PIC = NO;
				GCC_NO_COMMON_BLOCKS = YES;
				GCC_OPTIMIZATION_LEVEL = 0;
				GCC_PREPROCESSOR_DEFINITIONS = (
					"DEBUG=1",
					"$(inherited)",
				);
				GCC_WARN_64_TO_32_BIT_CONVERSION = YES;
				GCC_WARN_ABOUT_RETURN_TYPE = YES_ERROR;
				GCC_WARN_UNDECLARED_SELECTOR = YES;
				GCC_WARN_UNINITIALIZED_AUTOS = YES_AGGRESSIVE;
				GCC_WARN_UNUSED_FUNCTION = YES;
				GCC_WARN_UNUSED_VARIABLE = YES;
				MTL_ENABLE_DEBUG_INFO = INCLUDE_SOURCE;
				MTL_FAST_MATH = YES;
				ONLY_ACTIVE_ARCH = YES;
				SWIFT_ACTIVE_COMPILATION_CONDITIONS = DEBUG;
				SWIFT_OPTIMIZATION_LEVEL = "-Onone";
			};
			name = Debug;
		};
		41A8142A2A19F94B00C9AFEB /* Release */ = {
			isa = XCBuildConfiguration;
			buildSettings = {
				ALWAYS_SEARCH_USER_PATHS = NO;
				CLANG_ANALYZER_NONNULL = YES;
				CLANG_ANALYZER_NUMBER_OBJECT_CONVERSION = YES_AGGRESSIVE;
				CLANG_CXX_LANGUAGE_STANDARD = "gnu++20";
				CLANG_ENABLE_MODULES = YES;
				CLANG_ENABLE_OBJC_ARC = YES;
				CLANG_ENABLE_OBJC_WEAK = YES;
				CLANG_WARN_BLOCK_CAPTURE_AUTORELEASING = YES;
				CLANG_WARN_BOOL_CONVERSION = YES;
				CLANG_WARN_COMMA = YES;
				CLANG_WARN_CONSTANT_CONVERSION = YES;
				CLANG_WARN_DEPRECATED_OBJC_IMPLEMENTATIONS = YES;
				CLANG_WARN_DIRECT_OBJC_ISA_USAGE = YES_ERROR;
				CLANG_WARN_DOCUMENTATION_COMMENTS = YES;
				CLANG_WARN_EMPTY_BODY = YES;
				CLANG_WARN_ENUM_CONVERSION = YES;
				CLANG_WARN_INFINITE_RECURSION = YES;
				CLANG_WARN_INT_CONVERSION = YES;
				CLANG_WARN_NON_LITERAL_NULL_CONVERSION = YES;
				CLANG_WARN_OBJC_IMPLICIT_RETAIN_SELF = YES;
				CLANG_WARN_OBJC_LITERAL_CONVERSION = YES;
				CLANG_WARN_OBJC_ROOT_CLASS = YES_ERROR;
				CLANG_WARN_QUOTED_INCLUDE_IN_FRAMEWORK_HEADER = YES;
				CLANG_WARN_RANGE_LOOP_ANALYSIS = YES;
				CLANG_WARN_STRICT_PROTOTYPES = YES;
				CLANG_WARN_SUSPICIOUS_MOVE = YES;
				CLANG_WARN_UNGUARDED_AVAILABILITY = YES_AGGRESSIVE;
				CLANG_WARN_UNREACHABLE_CODE = YES;
				CLANG_WARN__DUPLICATE_METHOD_MATCH = YES;
				COPY_PHASE_STRIP = NO;
				DEBUG_INFORMATION_FORMAT = "dwarf-with-dsym";
				ENABLE_NS_ASSERTIONS = NO;
				ENABLE_STRICT_OBJC_MSGSEND = YES;
				GCC_C_LANGUAGE_STANDARD = gnu11;
				GCC_NO_COMMON_BLOCKS = YES;
				GCC_WARN_64_TO_32_BIT_CONVERSION = YES;
				GCC_WARN_ABOUT_RETURN_TYPE = YES_ERROR;
				GCC_WARN_UNDECLARED_SELECTOR = YES;
				GCC_WARN_UNINITIALIZED_AUTOS = YES_AGGRESSIVE;
				GCC_WARN_UNUSED_FUNCTION = YES;
				GCC_WARN_UNUSED_VARIABLE = YES;
				MTL_ENABLE_DEBUG_INFO = NO;
				MTL_FAST_MATH = YES;
				SWIFT_COMPILATION_MODE = wholemodule;
				SWIFT_OPTIMIZATION_LEVEL = "-O";
			};
			name = Release;
		};
		41A8142C2A19F94B00C9AFEB /* Debug */ = {
			isa = XCBuildConfiguration;
			buildSettings = {
				ASSETCATALOG_COMPILER_APPICON_NAME = AppIcon;
				ASSETCATALOG_COMPILER_GLOBAL_ACCENT_COLOR_NAME = AccentColor;
				CODE_SIGN_ENTITLEMENTS = AltitudeDemo/AltitudeDemo.entitlements;
				CODE_SIGN_STYLE = Automatic;
				CURRENT_PROJECT_VERSION = 1;
				DEVELOPMENT_ASSET_PATHS = "\"AltitudeDemo/Preview Content\"";
				DEVELOPMENT_TEAM = "";
				ENABLE_HARDENED_RUNTIME = YES;
				ENABLE_PREVIEWS = YES;
				GENERATE_INFOPLIST_FILE = YES;
				INFOPLIST_KEY_NSMotionUsageDescription = "Mi motion";
				"INFOPLIST_KEY_UIApplicationSceneManifest_Generation[sdk=iphoneos*]" = YES;
				"INFOPLIST_KEY_UIApplicationSceneManifest_Generation[sdk=iphonesimulator*]" = YES;
				"INFOPLIST_KEY_UIApplicationSupportsIndirectInputEvents[sdk=iphoneos*]" = YES;
				"INFOPLIST_KEY_UIApplicationSupportsIndirectInputEvents[sdk=iphonesimulator*]" = YES;
				"INFOPLIST_KEY_UILaunchScreen_Generation[sdk=iphoneos*]" = YES;
				"INFOPLIST_KEY_UILaunchScreen_Generation[sdk=iphonesimulator*]" = YES;
				"INFOPLIST_KEY_UIStatusBarStyle[sdk=iphoneos*]" = UIStatusBarStyleDefault;
				"INFOPLIST_KEY_UIStatusBarStyle[sdk=iphonesimulator*]" = UIStatusBarStyleDefault;
				INFOPLIST_KEY_UISupportedInterfaceOrientations_iPad = "UIInterfaceOrientationPortrait UIInterfaceOrientationPortraitUpsideDown UIInterfaceOrientationLandscapeLeft UIInterfaceOrientationLandscapeRight";
				INFOPLIST_KEY_UISupportedInterfaceOrientations_iPhone = "UIInterfaceOrientationPortrait UIInterfaceOrientationLandscapeLeft UIInterfaceOrientationLandscapeRight";
				IPHONEOS_DEPLOYMENT_TARGET = 16.0;
				LD_RUNPATH_SEARCH_PATHS = "@executable_path/Frameworks";
				"LD_RUNPATH_SEARCH_PATHS[sdk=macosx*]" = "@executable_path/../Frameworks";
				MACOSX_DEPLOYMENT_TARGET = 13.3;
				MARKETING_VERSION = 1.0;
				PRODUCT_BUNDLE_IDENTIFIER = com.rheaparks.AltitudeDemo;
				PRODUCT_NAME = "$(TARGET_NAME)";
				SDKROOT = auto;
				SUPPORTED_PLATFORMS = "iphoneos iphonesimulator";
				SUPPORTS_MACCATALYST = NO;
				SUPPORTS_MAC_DESIGNED_FOR_IPHONE_IPAD = NO;
				SWIFT_EMIT_LOC_STRINGS = YES;
				SWIFT_VERSION = 5.0;
				TARGETED_DEVICE_FAMILY = "1,2";
			};
			name = Debug;
		};
		41A8142D2A19F94B00C9AFEB /* Release */ = {
			isa = XCBuildConfiguration;
			buildSettings = {
				ASSETCATALOG_COMPILER_APPICON_NAME = AppIcon;
				ASSETCATALOG_COMPILER_GLOBAL_ACCENT_COLOR_NAME = AccentColor;
				CODE_SIGN_ENTITLEMENTS = AltitudeDemo/AltitudeDemo.entitlements;
				CODE_SIGN_STYLE = Automatic;
				CURRENT_PROJECT_VERSION = 1;
				DEVELOPMENT_ASSET_PATHS = "\"AltitudeDemo/Preview Content\"";
				DEVELOPMENT_TEAM = "";
				ENABLE_HARDENED_RUNTIME = YES;
				ENABLE_PREVIEWS = YES;
				GENERATE_INFOPLIST_FILE = YES;
				INFOPLIST_KEY_NSMotionUsageDescription = "Mi motion";
				"INFOPLIST_KEY_UIApplicationSceneManifest_Generation[sdk=iphoneos*]" = YES;
				"INFOPLIST_KEY_UIApplicationSceneManifest_Generation[sdk=iphonesimulator*]" = YES;
				"INFOPLIST_KEY_UIApplicationSupportsIndirectInputEvents[sdk=iphoneos*]" = YES;
				"INFOPLIST_KEY_UIApplicationSupportsIndirectInputEvents[sdk=iphonesimulator*]" = YES;
				"INFOPLIST_KEY_UILaunchScreen_Generation[sdk=iphoneos*]" = YES;
				"INFOPLIST_KEY_UILaunchScreen_Generation[sdk=iphonesimulator*]" = YES;
				"INFOPLIST_KEY_UIStatusBarStyle[sdk=iphoneos*]" = UIStatusBarStyleDefault;
				"INFOPLIST_KEY_UIStatusBarStyle[sdk=iphonesimulator*]" = UIStatusBarStyleDefault;
				INFOPLIST_KEY_UISupportedInterfaceOrientations_iPad = "UIInterfaceOrientationPortrait UIInterfaceOrientationPortraitUpsideDown UIInterfaceOrientationLandscapeLeft UIInterfaceOrientationLandscapeRight";
				INFOPLIST_KEY_UISupportedInterfaceOrientations_iPhone = "UIInterfaceOrientationPortrait UIInterfaceOrientationLandscapeLeft UIInterfaceOrientationLandscapeRight";
				IPHONEOS_DEPLOYMENT_TARGET = 16.0;
				LD_RUNPATH_SEARCH_PATHS = "@executable_path/Frameworks";
				"LD_RUNPATH_SEARCH_PATHS[sdk=macosx*]" = "@executable_path/../Frameworks";
				MACOSX_DEPLOYMENT_TARGET = 13.3;
				MARKETING_VERSION = 1.0;
				PRODUCT_BUNDLE_IDENTIFIER = com.rheaparks.AltitudeDemo;
				PRODUCT_NAME = "$(TARGET_NAME)";
				SDKROOT = auto;
				SUPPORTED_PLATFORMS = "iphoneos iphonesimulator";
				SUPPORTS_MACCATALYST = NO;
				SUPPORTS_MAC_DESIGNED_FOR_IPHONE_IPAD = NO;
				SWIFT_EMIT_LOC_STRINGS = YES;
				SWIFT_VERSION = 5.0;
				TARGETED_DEVICE_FAMILY = "1,2";
			};
			name = Release;
		};
/* End XCBuildConfiguration section */

/* Begin XCConfigurationList section */
		41A814172A19F94B00C9AFEB /* Build configuration list for PBXProject "AltitudeDemo" */ = {
			isa = XCConfigurationList;
			buildConfigurations = (
				41A814292A19F94B00C9AFEB /* Debug */,
				41A8142A2A19F94B00C9AFEB /* Release */,
			);
			defaultConfigurationIsVisible = 0;
			defaultConfigurationName = Release;
		};
		41A8142B2A19F94B00C9AFEB /* Build configuration list for PBXNativeTarget "AltitudeDemo" */ = {
			isa = XCConfigurationList;
			buildConfigurations = (
				41A8142C2A19F94B00C9AFEB /* Debug */,
				41A8142D2A19F94B00C9AFEB /* Release */,
			);
			defaultConfigurationIsVisible = 0;
			defaultConfigurationName = Release;
		};
/* End XCConfigurationList section */
	};
	rootObject = 41A814142A19F94B00C9AFEB /* Project object */;
}
